{
  "projects": [
    {
      "projectId": "gmeH6XgPaBtkt51HunAo4g",
      "version": "18.15.0",
      "dependencies": {},
      "lang": "ts",
      "fileLocks": [
        {
          "assetId": "gmeH6XgPaBtkt51HunAo4g",
          "type": "projectCss",
          "checksum": "1c02168c6b23256606111fdfdbb63549"
        }
      ],
      "codegenVersion": "0.0.1"
    },
    {
      "projectId": "brxGwrrVaZi8MdDJQRNRHB",
      "version": "latest",
      "dependencies": {
        "gmeH6XgPaBtkt51HunAo4g": "18.15.0"
      },
      "lang": "ts",
      "fileLocks": [
        {
          "type": "globalVariant",
          "assetId": "ts7K7_J0oMPA",
          "checksum": "15b1f9e577379e24126dab611bcd0229"
        },
        {
          "type": "renderModule",
          "assetId": "l8sm1DqX7oig",
          "checksum": "62463e1f2a82333bcb8fd504c0a217db"
        },
        {
          "type": "cssRules",
          "assetId": "l8sm1DqX7oig",
          "checksum": "62463e1f2a82333bcb8fd504c0a217db"
        },
        {
          "type": "renderModule",
          "assetId": "yIH20g9czJcj",
          "checksum": "43d92a23be84629bb554249b3aba32f2"
        },
        {
          "type": "cssRules",
          "assetId": "yIH20g9czJcj",
          "checksum": "43d92a23be84629bb554249b3aba32f2"
        },
        {
          "type": "renderModule",
          "assetId": "XlVz03Tgxr1l",
          "checksum": "98beb523a5d59168e33aa38240490932"
        },
        {
          "type": "cssRules",
          "assetId": "XlVz03Tgxr1l",
          "checksum": "98beb523a5d59168e33aa38240490932"
        },
        {
          "type": "renderModule",
          "assetId": "N54LNWp3xWEL",
          "checksum": "52aff320175a402740e0dce4b4c85e08"
        },
        {
          "type": "cssRules",
          "assetId": "N54LNWp3xWEL",
          "checksum": "52aff320175a402740e0dce4b4c85e08"
        },
        {
          "type": "renderModule",
          "assetId": "zUcM_i8IhuKn",
          "checksum": "c36b3a7770dcd9c8b21627b4ed2f1415"
        },
        {
          "type": "cssRules",
          "assetId": "zUcM_i8IhuKn",
          "checksum": "c36b3a7770dcd9c8b21627b4ed2f1415"
        },
        {
          "type": "renderModule",
          "assetId": "GD-cza2PqyRu",
          "checksum": "f6eb9516aa24546049a533452cfdde17"
        },
        {
          "type": "cssRules",
          "assetId": "GD-cza2PqyRu",
          "checksum": "f6eb9516aa24546049a533452cfdde17"
        },
        {
          "type": "renderModule",
          "assetId": "_o1KWgewojj2",
          "checksum": "84f5057baa02695244478f616d5aa525"
        },
        {
          "type": "cssRules",
          "assetId": "_o1KWgewojj2",
          "checksum": "84f5057baa02695244478f616d5aa525"
        },
        {
          "type": "renderModule",
          "assetId": "5vSzIZ1PuzzC",
          "checksum": "b9a22c0d5076dda74a46d058af4c9ba6"
        },
        {
          "type": "cssRules",
          "assetId": "5vSzIZ1PuzzC",
          "checksum": "b9a22c0d5076dda74a46d058af4c9ba6"
        },
        {
          "type": "renderModule",
          "assetId": "63N5aUNdzDbu",
          "checksum": "f12d350c120c843aea3714c96dfc08fa"
        },
        {
          "type": "cssRules",
          "assetId": "63N5aUNdzDbu",
          "checksum": "f12d350c120c843aea3714c96dfc08fa"
        },
        {
          "type": "renderModule",
          "assetId": "8TF3GX9IHJMf",
          "checksum": "bf93dc53f942c06a9eecb753d0c73313"
        },
        {
          "type": "cssRules",
          "assetId": "8TF3GX9IHJMf",
          "checksum": "bf93dc53f942c06a9eecb753d0c73313"
        },
        {
          "type": "renderModule",
          "assetId": "po6zyupWopdX",
          "checksum": "a455c435e6d129150d84d7838b1fb12e"
        },
        {
          "type": "cssRules",
          "assetId": "po6zyupWopdX",
          "checksum": "a455c435e6d129150d84d7838b1fb12e"
        },
        {
          "type": "renderModule",
          "assetId": "kliFoDptqGF8",
          "checksum": "ed7e02e71fa4b48f20cc7b2c62092871"
        },
        {
          "type": "cssRules",
          "assetId": "kliFoDptqGF8",
          "checksum": "ed7e02e71fa4b48f20cc7b2c62092871"
        },
        {
          "type": "renderModule",
          "assetId": "QrbRbiJF8FEO",
          "checksum": "10c00bf8d0166e7b7f0907924989cde7"
        },
        {
          "type": "cssRules",
          "assetId": "QrbRbiJF8FEO",
          "checksum": "10c00bf8d0166e7b7f0907924989cde7"
        },
        {
          "type": "renderModule",
          "assetId": "GPaeLFT8TJIR",
          "checksum": "6709b59dd18d21861557a70a8ba2bd07"
        },
        {
          "type": "cssRules",
          "assetId": "GPaeLFT8TJIR",
          "checksum": "6709b59dd18d21861557a70a8ba2bd07"
        },
        {
          "type": "renderModule",
          "assetId": "pmZpRVc12nTB",
          "checksum": "9a28e28c0fa3c0abe3b47334cd65dd68"
        },
        {
          "type": "cssRules",
          "assetId": "pmZpRVc12nTB",
          "checksum": "9a28e28c0fa3c0abe3b47334cd65dd68"
        },
        {
          "type": "renderModule",
          "assetId": "JzMQsgDSztcV",
          "checksum": "4846fbf3a95595c681286e326d2a8d44"
        },
        {
          "type": "cssRules",
          "assetId": "JzMQsgDSztcV",
          "checksum": "4846fbf3a95595c681286e326d2a8d44"
        },
        {
          "type": "renderModule",
          "assetId": "QksqoaeWPgvH",
          "checksum": "6f96ce2b3f005ebc8255f5a819bfdd11"
        },
        {
          "type": "cssRules",
          "assetId": "QksqoaeWPgvH",
          "checksum": "6f96ce2b3f005ebc8255f5a819bfdd11"
        },
        {
          "type": "renderModule",
          "assetId": "iuftwnLkvY_1",
          "checksum": "220cdf8434960e1e11cad1cef870f54a"
        },
        {
          "type": "cssRules",
          "assetId": "iuftwnLkvY_1",
          "checksum": "220cdf8434960e1e11cad1cef870f54a"
        },
        {
          "type": "renderModule",
          "assetId": "8spcuumfp8Uo",
          "checksum": "0c908447a53d902d863468fe10db995f"
        },
        {
          "type": "cssRules",
          "assetId": "8spcuumfp8Uo",
          "checksum": "0c908447a53d902d863468fe10db995f"
        },
        {
          "type": "renderModule",
          "assetId": "jOuWoDVJE-R0",
          "checksum": "53df9bff60a61486b57fed6135486492"
        },
        {
          "type": "cssRules",
          "assetId": "jOuWoDVJE-R0",
          "checksum": "53df9bff60a61486b57fed6135486492"
        },
        {
          "type": "renderModule",
          "assetId": "gkZH1zKxpRQS",
          "checksum": "3d41491f14bc90eab6a27aed84b6616a"
        },
        {
          "type": "cssRules",
          "assetId": "gkZH1zKxpRQS",
          "checksum": "3d41491f14bc90eab6a27aed84b6616a"
        },
        {
          "type": "renderModule",
          "assetId": "WjkacEn8o-Mo",
          "checksum": "9d611bdba6f5e00c007ca2b8677cd1ee"
        },
        {
          "type": "cssRules",
          "assetId": "WjkacEn8o-Mo",
          "checksum": "9d611bdba6f5e00c007ca2b8677cd1ee"
        },
        {
          "type": "renderModule",
          "assetId": "zDzN96njOz8p",
          "checksum": "f4bb3b796da33e61b96c04337ecc24c9"
        },
        {
          "type": "cssRules",
          "assetId": "zDzN96njOz8p",
          "checksum": "f4bb3b796da33e61b96c04337ecc24c9"
        },
        {
          "type": "renderModule",
          "assetId": "QfAM-nkavqMr",
          "checksum": "ff069fd7f9763bc2b017053d0d5c8ac4"
        },
        {
          "type": "cssRules",
          "assetId": "QfAM-nkavqMr",
          "checksum": "ff069fd7f9763bc2b017053d0d5c8ac4"
        },
        {
          "type": "renderModule",
          "assetId": "B1HAOkAdT2Xv",
          "checksum": "ec11f8495626be39c553d2f9702e2eee"
        },
        {
          "type": "cssRules",
          "assetId": "B1HAOkAdT2Xv",
          "checksum": "ec11f8495626be39c553d2f9702e2eee"
        },
        {
          "type": "icon",
          "assetId": "9yxHhP0Dm0qx",
          "checksum": "2d17001db7c48ade352ece3a18845443"
        },
        {
          "type": "icon",
          "assetId": "HxwnqitIVQzT",
          "checksum": "13719d10e345b2b2562f31b4c85dd90d"
        },
        {
          "type": "icon",
          "assetId": "kZVG0EwljUe-",
          "checksum": "d2a5865a44a292f5be3bffb3ea7cfd7c"
        },
        {
          "type": "icon",
          "assetId": "MoSh7x8SSbwa",
          "checksum": "193ce6201b5e0d45c843abe3dcfc9762"
        },
        {
          "type": "icon",
          "assetId": "-v_sfZNM4DO4",
          "checksum": "8ad643fd75afe0b79618408f61043b77"
        },
        {
          "assetId": "brxGwrrVaZi8MdDJQRNRHB",
          "type": "projectCss",
          "checksum": "f0fdd87825b5366b8adaa03c48709955"
        }
      ],
      "codegenVersion": "0.0.1"
    }
  ],
  "cliVersion": "0.1.337"
}
